
Microsoft Visual Studio Solution File, Format Version 12.00
# Visual Studio Version 16
VisualStudioVersion = 16.0.31129.286
MinimumVisualStudioVersion = 10.0.40219.1
Project("{FAE04EC0-301F-11D3-BF4B-00C04F79EFBC}") = "todoList", "todoList\todoList.csproj", "{A763A088-1825-42C5-A918-DF64C9097CC4}"
EndProject
Global
	GlobalSection(SolutionConfigurationPlatforms) = preSolution
		Debug|Any CPU = Debug|Any CPU
		Release|Any CPU = Release|Any CPU
	EndGlobalSection
	GlobalSection(ProjectConfigurationPlatforms) = postSolution
		{A763A088-1825-42C5-A918-DF64C9097CC4}.Debug|Any CPU.ActiveCfg = Debug|Any CPU
		{A763A088-1825-42C5-A918-DF64C9097CC4}.Debug|Any CPU.Build.0 = Debug|Any CPU
		{A763A088-1825-42C5-A918-DF64C9097CC4}.Release|Any CPU.ActiveCfg = Release|Any CPU
		{A763A088-1825-42C5-A918-DF64C9097CC4}.Release|Any CPU.Build.0 = Release|Any CPU
	EndGlobalSection
	GlobalSection(SolutionProperties) = preSolution
		HideSolutionNode = FALSE
	EndGlobalSection
	GlobalSection(ExtensibilityGlobals) = postSolution
		SolutionGuid = {4914AB69-0D22-4C1D-86FB-B203B825E5EC}
	EndGlobalSection
EndGlobal
